
Microsoft Visual Studio Solution File, Format Version 12.00
# Visual Studio Version 17
VisualStudioVersion = 17.13.35931.197 d17.13
MinimumVisualStudioVersion = 10.0.40219.1
Project("{FAE04EC0-301F-11D3-BF4B-00C04F79EFBC}") = "OfficeEquipmentManager", "OfficeEquipmentManager.csproj", "{AD69033D-9047-478E-8457-866E952BC3E4}"
EndProject
Global
	GlobalSection(SolutionConfigurationPlatforms) = preSolution
		Debug|Any CPU = Debug|Any CPU
		Release|Any CPU = Release|Any CPU
	EndGlobalSection
	GlobalSection(ProjectConfigurationPlatforms) = postSolution
		{AD69033D-9047-478E-8457-866E952BC3E4}.Debug|Any CPU.ActiveCfg = Debug|Any CPU
		{AD69033D-9047-478E-8457-866E952BC3E4}.Debug|Any CPU.Build.0 = Debug|Any CPU
		{AD69033D-9047-478E-8457-866E952BC3E4}.Release|Any CPU.ActiveCfg = Release|Any CPU
		{AD69033D-9047-478E-8457-866E952BC3E4}.Release|Any CPU.Build.0 = Release|Any CPU
	EndGlobalSection
	GlobalSection(SolutionProperties) = preSolution
		HideSolutionNode = FALSE
	EndGlobalSection
	GlobalSection(ExtensibilityGlobals) = postSolution
		SolutionGuid = {D4BF2D58-A6F3-4435-9FE5-BAFCB0C6883F}
	EndGlobalSection
EndGlobal
